
Microsoft Visual Studio Solution File, Format Version 12.00
# Visual Studio Version 17
VisualStudioVersion = 17.11.35327.3
MinimumVisualStudioVersion = 10.0.40219.1
Project("{FAE04EC0-301F-11D3-BF4B-00C04F79EFBC}") = "MultipleTrackballWPF", "MultipleTrackballWPF\MultipleTrackballWPF.csproj", "{0A04881E-CD88-43C6-8CB3-09CEE9DAEB1F}"
EndProject
Global
	GlobalSection(SolutionConfigurationPlatforms) = preSolution
		Debug|Any CPU = Debug|Any CPU
		Release|Any CPU = Release|Any CPU
	EndGlobalSection
	GlobalSection(ProjectConfigurationPlatforms) = postSolution
		{0A04881E-CD88-43C6-8CB3-09CEE9DAEB1F}.Debug|Any CPU.ActiveCfg = Debug|Any CPU
		{0A04881E-CD88-43C6-8CB3-09CEE9DAEB1F}.Debug|Any CPU.Build.0 = Debug|Any CPU
		{0A04881E-CD88-43C6-8CB3-09CEE9DAEB1F}.Release|Any CPU.ActiveCfg = Release|Any CPU
		{0A04881E-CD88-43C6-8CB3-09CEE9DAEB1F}.Release|Any CPU.Build.0 = Release|Any CPU
	EndGlobalSection
	GlobalSection(SolutionProperties) = preSolution
		HideSolutionNode = FALSE
	EndGlobalSection
	GlobalSection(ExtensibilityGlobals) = postSolution
		SolutionGuid = {9B35963C-DD8F-4251-8F53-515F1D1B9FFF}
	EndGlobalSection
EndGlobal
