
Microsoft Visual Studio Solution File, Format Version 12.00
# Visual Studio Version 17
VisualStudioVersion = 17.11.35327.3
MinimumVisualStudioVersion = 10.0.40219.1
Project("{FAE04EC0-301F-11D3-BF4B-00C04F79EFBC}") = "SfChartMultipleTrackball", "SfChartMultipleTrackball\SfChartMultipleTrackball.csproj", "{E5B30519-D065-42FC-B89A-B435C07011D9}"
EndProject
Global
	GlobalSection(SolutionConfigurationPlatforms) = preSolution
		Debug|Any CPU = Debug|Any CPU
		Release|Any CPU = Release|Any CPU
	EndGlobalSection
	GlobalSection(ProjectConfigurationPlatforms) = postSolution
		{E5B30519-D065-42FC-B89A-B435C07011D9}.Debug|Any CPU.ActiveCfg = Debug|Any CPU
		{E5B30519-D065-42FC-B89A-B435C07011D9}.Debug|Any CPU.Build.0 = Debug|Any CPU
		{E5B30519-D065-42FC-B89A-B435C07011D9}.Release|Any CPU.ActiveCfg = Release|Any CPU
		{E5B30519-D065-42FC-B89A-B435C07011D9}.Release|Any CPU.Build.0 = Release|Any CPU
	EndGlobalSection
	GlobalSection(SolutionProperties) = preSolution
		HideSolutionNode = FALSE
	EndGlobalSection
	GlobalSection(ExtensibilityGlobals) = postSolution
		SolutionGuid = {0CA07FB0-0F65-49F3-AFCC-11C28CE1D119}
	EndGlobalSection
EndGlobal
